// !$*UTF8*$!
{
	archiveVersion = 1;
	classes = {
	};
	objectVersion = 46;
	objects = {

/* Begin PBXBuildFile section */
		6B009CFD1CCA8F6900D22806 /* main.m in Sources */ = {isa = PBXBuildFile; fileRef = 6B009CFC1CCA8F6900D22806 /* main.m */; };
		6B009D001CCA8F6900D22806 /* AppDelegate.m in Sources */ = {isa = PBXBuildFile; fileRef = 6B009CFF1CCA8F6900D22806 /* AppDelegate.m */; };
		6B009D061CCA8F6900D22806 /* Main.storyboard in Resources */ = {isa = PBXBuildFile; fileRef = 6B009D041CCA8F6900D22806 /* Main.storyboard */; };
		6B009D0B1CCA8F6900D22806 /* Assets.xcassets in Resources */ = {isa = PBXBuildFile; fileRef = 6B009D0A1CCA8F6900D22806 /* Assets.xcassets */; };
		6B009D0E1CCA8F6900D22806 /* LaunchScreen.storyboard in Resources */ = {isa = PBXBuildFile; fileRef = 6B009D0C1CCA8F6900D22806 /* LaunchScreen.storyboard */; };
		6B009D191CCA8F6900D22806 /* EllisNYCTests.m in Sources */ = {isa = PBXBuildFile; fileRef = 6B009D181CCA8F6900D22806 /* EllisNYCTests.m */; };
		6B009D241CCA8F6900D22806 /* EllisNYCUITests.m in Sources */ = {isa = PBXBuildFile; fileRef = 6B009D231CCA8F6900D22806 /* EllisNYCUITests.m */; };
		B30FD47B1CCABC6400035170 /* FilterViewController.m in Sources */ = {isa = PBXBuildFile; fileRef = B30FD47A1CCABC6400035170 /* FilterViewController.m */; };
		B30FD4801CCAC16A00035170 /* CustomCell.m in Sources */ = {isa = PBXBuildFile; fileRef = B30FD47F1CCAC16A00035170 /* CustomCell.m */; };
		B3DCFC901CCA9811006362B4 /* Model.xcdatamodeld in Sources */ = {isa = PBXBuildFile; fileRef = B3DCFC8E1CCA9811006362B4 /* Model.xcdatamodeld */; };
		B3DCFC931CCA983A006362B4 /* MainViewController.m in Sources */ = {isa = PBXBuildFile; fileRef = B3DCFC921CCA983A006362B4 /* MainViewController.m */; };
		B3DCFC9E1CCA9AE1006362B4 /* ProgramMO+CoreDataProperties.m in Sources */ = {isa = PBXBuildFile; fileRef = B3DCFC9B1CCA9AE1006362B4 /* ProgramMO+CoreDataProperties.m */; };
		B3DCFC9F1CCA9AE1006362B4 /* ProgramMO.m in Sources */ = {isa = PBXBuildFile; fileRef = B3DCFC9D1CCA9AE1006362B4 /* ProgramMO.m */; };
		B3DCFCA21CCA9AEE006362B4 /* Program.m in Sources */ = {isa = PBXBuildFile; fileRef = B3DCFCA11CCA9AEE006362B4 /* Program.m */; };
		B3DCFCA51CCA9C1F006362B4 /* DAO.m in Sources */ = {isa = PBXBuildFile; fileRef = B3DCFCA41CCA9C1F006362B4 /* DAO.m */; };
/* End PBXBuildFile section */

/* Begin PBXContainerItemProxy section */
		6B009D151CCA8F6900D22806 /* PBXContainerItemProxy */ = {
			isa = PBXContainerItemProxy;
			containerPortal = 6B009CF01CCA8F6900D22806 /* Project object */;
			proxyType = 1;
			remoteGlobalIDString = 6B009CF71CCA8F6900D22806;
			remoteInfo = EllisNYC;
		};
		6B009D201CCA8F6900D22806 /* PBXContainerItemProxy */ = {
			isa = PBXContainerItemProxy;
			containerPortal = 6B009CF01CCA8F6900D22806 /* Project object */;
			proxyType = 1;
			remoteGlobalIDString = 6B009CF71CCA8F6900D22806;
			remoteInfo = EllisNYC;
		};
/* End PBXContainerItemProxy section */

/* Begin PBXFileReference section */
		6B009CF81CCA8F6900D22806 /* EllisNYC.app */ = {isa = PBXFileReference; explicitFileType = wrapper.application; includeInIndex = 0; path = EllisNYC.app; sourceTree = BUILT_PRODUCTS_DIR; };
		6B009CFC1CCA8F6900D22806 /* main.m */ = {isa = PBXFileReference; lastKnownFileType = sourcecode.c.objc; path = main.m; sourceTree = "<group>"; };
		6B009CFE1CCA8F6900D22806 /* AppDelegate.h */ = {isa = PBXFileReference; lastKnownFileType = sourcecode.c.h; path = AppDelegate.h; sourceTree = "<group>"; };
		6B009CFF1CCA8F6900D22806 /* AppDelegate.m */ = {isa = PBXFileReference; lastKnownFileType = sourcecode.c.objc; path = AppDelegate.m; sourceTree = "<group>"; };
		6B009D051CCA8F6900D22806 /* Base */ = {isa = PBXFileReference; lastKnownFileType = file.storyboard; name = Base; path = Base.lproj/Main.storyboard; sourceTree = "<group>"; };
		6B009D0A1CCA8F6900D22806 /* Assets.xcassets */ = {isa = PBXFileReference; lastKnownFileType = folder.assetcatalog; path = Assets.xcassets; sourceTree = "<group>"; };
		6B009D0D1CCA8F6900D22806 /* Base */ = {isa = PBXFileReference; lastKnownFileType = file.storyboard; name = Base; path = Base.lproj/LaunchScreen.storyboard; sourceTree = "<group>"; };
		6B009D0F1CCA8F6900D22806 /* Info.plist */ = {isa = PBXFileReference; lastKnownFileType = text.plist.xml; path = Info.plist; sourceTree = "<group>"; };
		6B009D141CCA8F6900D22806 /* EllisNYCTests.xctest */ = {isa = PBXFileReference; explicitFileType = wrapper.cfbundle; includeInIndex = 0; path = EllisNYCTests.xctest; sourceTree = BUILT_PRODUCTS_DIR; };
		6B009D181CCA8F6900D22806 /* EllisNYCTests.m */ = {isa = PBXFileReference; lastKnownFileType = sourcecode.c.objc; path = EllisNYCTests.m; sourceTree = "<group>"; };
		6B009D1A1CCA8F6900D22806 /* Info.plist */ = {isa = PBXFileReference; lastKnownFileType = text.plist.xml; path = Info.plist; sourceTree = "<group>"; };
		6B009D1F1CCA8F6900D22806 /* EllisNYCUITests.xctest */ = {isa = PBXFileReference; explicitFileType = wrapper.cfbundle; includeInIndex = 0; path = EllisNYCUITests.xctest; sourceTree = BUILT_PRODUCTS_DIR; };
		6B009D231CCA8F6900D22806 /* EllisNYCUITests.m */ = {isa = PBXFileReference; lastKnownFileType = sourcecode.c.objc; path = EllisNYCUITests.m; sourceTree = "<group>"; };
		6B009D251CCA8F6900D22806 /* Info.plist */ = {isa = PBXFileReference; lastKnownFileType = text.plist.xml; path = Info.plist; sourceTree = "<group>"; };
		B30FD4791CCABC6400035170 /* FilterViewController.h */ = {isa = PBXFileReference; fileEncoding = 4; lastKnownFileType = sourcecode.c.h; path = FilterViewController.h; sourceTree = "<group>"; };
		B30FD47A1CCABC6400035170 /* FilterViewController.m */ = {isa = PBXFileReference; fileEncoding = 4; lastKnownFileType = sourcecode.c.objc; path = FilterViewController.m; sourceTree = "<group>"; };
		B30FD47E1CCAC16A00035170 /* CustomCell.h */ = {isa = PBXFileReference; fileEncoding = 4; lastKnownFileType = sourcecode.c.h; path = CustomCell.h; sourceTree = "<group>"; };
		B30FD47F1CCAC16A00035170 /* CustomCell.m */ = {isa = PBXFileReference; fileEncoding = 4; lastKnownFileType = sourcecode.c.objc; path = CustomCell.m; sourceTree = "<group>"; };
		B3DCFC8F1CCA9811006362B4 /* Model.xcdatamodel */ = {isa = PBXFileReference; lastKnownFileType = wrapper.xcdatamodel; path = Model.xcdatamodel; sourceTree = "<group>"; };
		B3DCFC911CCA983A006362B4 /* MainViewController.h */ = {isa = PBXFileReference; fileEncoding = 4; lastKnownFileType = sourcecode.c.h; path = MainViewController.h; sourceTree = "<group>"; };
		B3DCFC921CCA983A006362B4 /* MainViewController.m */ = {isa = PBXFileReference; fileEncoding = 4; lastKnownFileType = sourcecode.c.objc; path = MainViewController.m; sourceTree = "<group>"; };
		B3DCFC9A1CCA9AE1006362B4 /* ProgramMO+CoreDataProperties.h */ = {isa = PBXFileReference; fileEncoding = 4; lastKnownFileType = sourcecode.c.h; name = "ProgramMO+CoreDataProperties.h"; path = "../ProgramMO+CoreDataProperties.h"; sourceTree = "<group>"; };
		B3DCFC9B1CCA9AE1006362B4 /* ProgramMO+CoreDataProperties.m */ = {isa = PBXFileReference; fileEncoding = 4; lastKnownFileType = sourcecode.c.objc; name = "ProgramMO+CoreDataProperties.m"; path = "../ProgramMO+CoreDataProperties.m"; sourceTree = "<group>"; };
		B3DCFC9C1CCA9AE1006362B4 /* ProgramMO.h */ = {isa = PBXFileReference; fileEncoding = 4; lastKnownFileType = sourcecode.c.h; name = ProgramMO.h; path = ../ProgramMO.h; sourceTree = "<group>"; };
		B3DCFC9D1CCA9AE1006362B4 /* ProgramMO.m */ = {isa = PBXFileReference; fileEncoding = 4; lastKnownFileType = sourcecode.c.objc; name = ProgramMO.m; path = ../ProgramMO.m; sourceTree = "<group>"; };
		B3DCFCA01CCA9AEE006362B4 /* Program.h */ = {isa = PBXFileReference; fileEncoding = 4; lastKnownFileType = sourcecode.c.h; path = Program.h; sourceTree = "<group>"; };
		B3DCFCA11CCA9AEE006362B4 /* Program.m */ = {isa = PBXFileReference; fileEncoding = 4; lastKnownFileType = sourcecode.c.objc; path = Program.m; sourceTree = "<group>"; };
		B3DCFCA31CCA9C1F006362B4 /* DAO.h */ = {isa = PBXFileReference; fileEncoding = 4; lastKnownFileType = sourcecode.c.h; path = DAO.h; sourceTree = "<group>"; };
		B3DCFCA41CCA9C1F006362B4 /* DAO.m */ = {isa = PBXFileReference; fileEncoding = 4; lastKnownFileType = sourcecode.c.objc; path = DAO.m; sourceTree = "<group>"; };
/* End PBXFileReference section */

/* Begin PBXFrameworksBuildPhase section */
		6B009CF51CCA8F6900D22806 /* Frameworks */ = {
			isa = PBXFrameworksBuildPhase;
			buildActionMask = 2147483647;
			files = (
			);
			runOnlyForDeploymentPostprocessing = 0;
		};
		6B009D111CCA8F6900D22806 /* Frameworks */ = {
			isa = PBXFrameworksBuildPhase;
			buildActionMask = 2147483647;
			files = (
			);
			runOnlyForDeploymentPostprocessing = 0;
		};
		6B009D1C1CCA8F6900D22806 /* Frameworks */ = {
			isa = PBXFrameworksBuildPhase;
			buildActionMask = 2147483647;
			files = (
			);
			runOnlyForDeploymentPostprocessing = 0;
		};
/* End PBXFrameworksBuildPhase section */

/* Begin PBXGroup section */
		6B009CEF1CCA8F6900D22806 = {
			isa = PBXGroup;
			children = (
				6B009CFA1CCA8F6900D22806 /* EllisNYC */,
				6B009D171CCA8F6900D22806 /* EllisNYCTests */,
				6B009D221CCA8F6900D22806 /* EllisNYCUITests */,
				6B009CF91CCA8F6900D22806 /* Products */,
			);
			sourceTree = "<group>";
		};
		6B009CF91CCA8F6900D22806 /* Products */ = {
			isa = PBXGroup;
			children = (
				6B009CF81CCA8F6900D22806 /* EllisNYC.app */,
				6B009D141CCA8F6900D22806 /* EllisNYCTests.xctest */,
				6B009D1F1CCA8F6900D22806 /* EllisNYCUITests.xctest */,
			);
			name = Products;
			sourceTree = "<group>";
		};
		6B009CFA1CCA8F6900D22806 /* EllisNYC */ = {
			isa = PBXGroup;
			children = (
				6B009CFE1CCA8F6900D22806 /* AppDelegate.h */,
				6B009CFF1CCA8F6900D22806 /* AppDelegate.m */,
				B3DCFCA31CCA9C1F006362B4 /* DAO.h */,
				B3DCFCA41CCA9C1F006362B4 /* DAO.m */,
				B3DCFCA01CCA9AEE006362B4 /* Program.h */,
				B3DCFCA11CCA9AEE006362B4 /* Program.m */,
				B3DCFC911CCA983A006362B4 /* MainViewController.h */,
				B3DCFC921CCA983A006362B4 /* MainViewController.m */,
				B30FD4791CCABC6400035170 /* FilterViewController.h */,
				B30FD47A1CCABC6400035170 /* FilterViewController.m */,
				6B009D041CCA8F6900D22806 /* Main.storyboard */,
				B30FD47E1CCAC16A00035170 /* CustomCell.h */,
				B30FD47F1CCAC16A00035170 /* CustomCell.m */,
				B3DCFC9A1CCA9AE1006362B4 /* ProgramMO+CoreDataProperties.h */,
				B3DCFC9B1CCA9AE1006362B4 /* ProgramMO+CoreDataProperties.m */,
				B3DCFC9C1CCA9AE1006362B4 /* ProgramMO.h */,
				B3DCFC9D1CCA9AE1006362B4 /* ProgramMO.m */,
				B3DCFC8E1CCA9811006362B4 /* Model.xcdatamodeld */,
				6B009D0A1CCA8F6900D22806 /* Assets.xcassets */,
				6B009D0C1CCA8F6900D22806 /* LaunchScreen.storyboard */,
				6B009D0F1CCA8F6900D22806 /* Info.plist */,
				6B009CFB1CCA8F6900D22806 /* Supporting Files */,
			);
			path = EllisNYC;
			sourceTree = "<group>";
		};
		6B009CFB1CCA8F6900D22806 /* Supporting Files */ = {
			isa = PBXGroup;
			children = (
				6B009CFC1CCA8F6900D22806 /* main.m */,
			);
			name = "Supporting Files";
			sourceTree = "<group>";
		};
		6B009D171CCA8F6900D22806 /* EllisNYCTests */ = {
			isa = PBXGroup;
			children = (
				6B009D181CCA8F6900D22806 /* EllisNYCTests.m */,
				6B009D1A1CCA8F6900D22806 /* Info.plist */,
			);
			path = EllisNYCTests;
			sourceTree = "<group>";
		};
		6B009D221CCA8F6900D22806 /* EllisNYCUITests */ = {
			isa = PBXGroup;
			children = (
				6B009D231CCA8F6900D22806 /* EllisNYCUITests.m */,
				6B009D251CCA8F6900D22806 /* Info.plist */,
			);
			path = EllisNYCUITests;
			sourceTree = "<group>";
		};
/* End PBXGroup section */

/* Begin PBXNativeTarget section */
		6B009CF71CCA8F6900D22806 /* EllisNYC */ = {
			isa = PBXNativeTarget;
			buildConfigurationList = 6B009D281CCA8F6900D22806 /* Build configuration list for PBXNativeTarget "EllisNYC" */;
			buildPhases = (
				6B009CF41CCA8F6900D22806 /* Sources */,
				6B009CF51CCA8F6900D22806 /* Frameworks */,
				6B009CF61CCA8F6900D22806 /* Resources */,
			);
			buildRules = (
			);
			dependencies = (
			);
			name = EllisNYC;
			productName = EllisNYC;
			productReference = 6B009CF81CCA8F6900D22806 /* EllisNYC.app */;
			productType = "com.apple.product-type.application";
		};
		6B009D131CCA8F6900D22806 /* EllisNYCTests */ = {
			isa = PBXNativeTarget;
			buildConfigurationList = 6B009D2B1CCA8F6900D22806 /* Build configuration list for PBXNativeTarget "EllisNYCTests" */;
			buildPhases = (
				6B009D101CCA8F6900D22806 /* Sources */,
				6B009D111CCA8F6900D22806 /* Frameworks */,
				6B009D121CCA8F6900D22806 /* Resources */,
			);
			buildRules = (
			);
			dependencies = (
				6B009D161CCA8F6900D22806 /* PBXTargetDependency */,
			);
			name = EllisNYCTests;
			productName = EllisNYCTests;
			productReference = 6B009D141CCA8F6900D22806 /* EllisNYCTests.xctest */;
			productType = "com.apple.product-type.bundle.unit-test";
		};
		6B009D1E1CCA8F6900D22806 /* EllisNYCUITests */ = {
			isa = PBXNativeTarget;
			buildConfigurationList = 6B009D2E1CCA8F6900D22806 /* Build configuration list for PBXNativeTarget "EllisNYCUITests" */;
			buildPhases = (
				6B009D1B1CCA8F6900D22806 /* Sources */,
				6B009D1C1CCA8F6900D22806 /* Frameworks */,
				6B009D1D1CCA8F6900D22806 /* Resources */,
			);
			buildRules = (
			);
			dependencies = (
				6B009D211CCA8F6900D22806 /* PBXTargetDependency */,
			);
			name = EllisNYCUITests;
			productName = EllisNYCUITests;
			productReference = 6B009D1F1CCA8F6900D22806 /* EllisNYCUITests.xctest */;
			productType = "com.apple.product-type.bundle.ui-testing";
		};
/* End PBXNativeTarget section */

/* Begin PBXProject section */
		6B009CF01CCA8F6900D22806 /* Project object */ = {
			isa = PBXProject;
			attributes = {
				LastUpgradeCheck = 0730;
				ORGANIZATIONNAME = "Krishna Ramachandran";
				TargetAttributes = {
					6B009CF71CCA8F6900D22806 = {
						CreatedOnToolsVersion = 7.3;
						DevelopmentTeam = 55YGEFWX58;
					};
					6B009D131CCA8F6900D22806 = {
						CreatedOnToolsVersion = 7.3;
						TestTargetID = 6B009CF71CCA8F6900D22806;
					};
					6B009D1E1CCA8F6900D22806 = {
						CreatedOnToolsVersion = 7.3;
						TestTargetID = 6B009CF71CCA8F6900D22806;
					};
				};
			};
			buildConfigurationList = 6B009CF31CCA8F6900D22806 /* Build configuration list for PBXProject "EllisNYC" */;
			compatibilityVersion = "Xcode 3.2";
			developmentRegion = English;
			hasScannedForEncodings = 0;
			knownRegions = (
				en,
				Base,
			);
			mainGroup = 6B009CEF1CCA8F6900D22806;
			productRefGroup = 6B009CF91CCA8F6900D22806 /* Products */;
			projectDirPath = "";
			projectRoot = "";
			targets = (
				6B009CF71CCA8F6900D22806 /* EllisNYC */,
				6B009D131CCA8F6900D22806 /* EllisNYCTests */,
				6B009D1E1CCA8F6900D22806 /* EllisNYCUITests */,
			);
		};
/* End PBXProject section */

/* Begin PBXResourcesBuildPhase section */
		6B009CF61CCA8F6900D22806 /* Resources */ = {
			isa = PBXResourcesBuildPhase;
			buildActionMask = 2147483647;
			files = (
				6B009D0E1CCA8F6900D22806 /* LaunchScreen.storyboard in Resources */,
				6B009D0B1CCA8F6900D22806 /* Assets.xcassets in Resources */,
				6B009D061CCA8F6900D22806 /* Main.storyboard in Resources */,
			);
			runOnlyForDeploymentPostprocessing = 0;
		};
		6B009D121CCA8F6900D22806 /* Resources */ = {
			isa = PBXResourcesBuildPhase;
			buildActionMask = 2147483647;
			files = (
			);
			runOnlyForDeploymentPostprocessing = 0;
		};
		6B009D1D1CCA8F6900D22806 /* Resources */ = {
			isa = PBXResourcesBuildPhase;
			buildActionMask = 2147483647;
			files = (
			);
			runOnlyForDeploymentPostprocessing = 0;
		};
/* End PBXResourcesBuildPhase section */

/* Begin PBXSourcesBuildPhase section */
		6B009CF41CCA8F6900D22806 /* Sources */ = {
			isa = PBXSourcesBuildPhase;
			buildActionMask = 2147483647;
			files = (
				B3DCFC9F1CCA9AE1006362B4 /* ProgramMO.m in Sources */,
				B30FD47B1CCABC6400035170 /* FilterViewController.m in Sources */,
				B3DCFC901CCA9811006362B4 /* Model.xcdatamodeld in Sources */,
				B3DCFCA21CCA9AEE006362B4 /* Program.m in Sources */,
				B30FD4801CCAC16A00035170 /* CustomCell.m in Sources */,
				B3DCFC9E1CCA9AE1006362B4 /* ProgramMO+CoreDataProperties.m in Sources */,
				B3DCFCA51CCA9C1F006362B4 /* DAO.m in Sources */,
				6B009D001CCA8F6900D22806 /* AppDelegate.m in Sources */,
				B3DCFC931CCA983A006362B4 /* MainViewController.m in Sources */,
				6B009CFD1CCA8F6900D22806 /* main.m in Sources */,
			);
			runOnlyForDeploymentPostprocessing = 0;
		};
		6B009D101CCA8F6900D22806 /* Sources */ = {
			isa = PBXSourcesBuildPhase;
			buildActionMask = 2147483647;
			files = (
				6B009D191CCA8F6900D22806 /* EllisNYCTests.m in Sources */,
			);
			runOnlyForDeploymentPostprocessing = 0;
		};
		6B009D1B1CCA8F6900D22806 /* Sources */ = {
			isa = PBXSourcesBuildPhase;
			buildActionMask = 2147483647;
			files = (
				6B009D241CCA8F6900D22806 /* EllisNYCUITests.m in Sources */,
			);
			runOnlyForDeploymentPostprocessing = 0;
		};
/* End PBXSourcesBuildPhase section */

/* Begin PBXTargetDependency section */
		6B009D161CCA8F6900D22806 /* PBXTargetDependency */ = {
			isa = PBXTargetDependency;
			target = 6B009CF71CCA8F6900D22806 /* EllisNYC */;
			targetProxy = 6B009D151CCA8F6900D22806 /* PBXContainerItemProxy */;
		};
		6B009D211CCA8F6900D22806 /* PBXTargetDependency */ = {
			isa = PBXTargetDependency;
			target = 6B009CF71CCA8F6900D22806 /* EllisNYC */;
			targetProxy = 6B009D201CCA8F6900D22806 /* PBXContainerItemProxy */;
		};
/* End PBXTargetDependency section */

/* Begin PBXVariantGroup section */
		6B009D041CCA8F6900D22806 /* Main.storyboard */ = {
			isa = PBXVariantGroup;
			children = (
				6B009D051CCA8F6900D22806 /* Base */,
			);
			name = Main.storyboard;
			sourceTree = "<group>";
		};
		6B009D0C1CCA8F6900D22806 /* LaunchScreen.storyboard */ = {
			isa = PBXVariantGroup;
			children = (
				6B009D0D1CCA8F6900D22806 /* Base */,
			);
			name = LaunchScreen.storyboard;
			sourceTree = "<group>";
		};
/* End PBXVariantGroup section */

/* Begin XCBuildConfiguration section */
		6B009D261CCA8F6900D22806 /* Debug */ = {
			isa = XCBuildConfiguration;
			buildSettings = {
				ALWAYS_SEARCH_USER_PATHS = NO;
				CLANG_ANALYZER_NONNULL = YES;
				CLANG_CXX_LANGUAGE_STANDARD = "gnu++0x";
				CLANG_CXX_LIBRARY = "libc++";
				CLANG_ENABLE_MODULES = YES;
				CLANG_ENABLE_OBJC_ARC = YES;
				CLANG_WARN_BOOL_CONVERSION = YES;
				CLANG_WARN_CONSTANT_CONVERSION = YES;
				CLANG_WARN_DIRECT_OBJC_ISA_USAGE = YES_ERROR;
				CLANG_WARN_EMPTY_BODY = YES;
				CLANG_WARN_ENUM_CONVERSION = YES;
				CLANG_WARN_INT_CONVERSION = YES;
				CLANG_WARN_OBJC_ROOT_CLASS = YES_ERROR;
				CLANG_WARN_UNREACHABLE_CODE = YES;
				CLANG_WARN__DUPLICATE_METHOD_MATCH = YES;
				"CODE_SIGN_IDENTITY[sdk=iphoneos*]" = "iPhone Developer";
				COPY_PHASE_STRIP = NO;
				DEBUG_INFORMATION_FORMAT = dwarf;
				ENABLE_STRICT_OBJC_MSGSEND = YES;
				ENABLE_TESTABILITY = YES;
				GCC_C_LANGUAGE_STANDARD = gnu99;
				GCC_DYNAMIC_NO_PIC = NO;
				GCC_NO_COMMON_BLOCKS = YES;
				GCC_OPTIMIZATION_LEVEL = 0;
				GCC_PREPROCESSOR_DEFINITIONS = (
					"DEBUG=1",
					"$(inherited)",
				);
				GCC_WARN_64_TO_32_BIT_CONVERSION = YES;
				GCC_WARN_ABOUT_RETURN_TYPE = YES_ERROR;
				GCC_WARN_UNDECLARED_SELECTOR = YES;
				GCC_WARN_UNINITIALIZED_AUTOS = YES_AGGRESSIVE;
				GCC_WARN_UNUSED_FUNCTION = YES;
				GCC_WARN_UNUSED_VARIABLE = YES;
				IPHONEOS_DEPLOYMENT_TARGET = 9.3;
				MTL_ENABLE_DEBUG_INFO = YES;
				ONLY_ACTIVE_ARCH = YES;
				SDKROOT = iphoneos;
				TARGETED_DEVICE_FAMILY = "1,2";
			};
			name = Debug;
		};
		6B009D271CCA8F6900D22806 /* Release */ = {
			isa = XCBuildConfiguration;
			buildSettings = {
				ALWAYS_SEARCH_USER_PATHS = NO;
				CLANG_ANALYZER_NONNULL = YES;
				CLANG_CXX_LANGUAGE_STANDARD = "gnu++0x";
				CLANG_CXX_LIBRARY = "libc++";
				CLANG_ENABLE_MODULES = YES;
				CLANG_ENABLE_OBJC_ARC = YES;
				CLANG_WARN_BOOL_CONVERSION = YES;
				CLANG_WARN_CONSTANT_CONVERSION = YES;
				CLANG_WARN_DIRECT_OBJC_ISA_USAGE = YES_ERROR;
				CLANG_WARN_EMPTY_BODY = YES;
				CLANG_WARN_ENUM_CONVERSION = YES;
				CLANG_WARN_INT_CONVERSION = YES;
				CLANG_WARN_OBJC_ROOT_CLASS = YES_ERROR;
				CLANG_WARN_UNREACHABLE_CODE = YES;
				CLANG_WARN__DUPLICATE_METHOD_MATCH = YES;
				"CODE_SIGN_IDENTITY[sdk=iphoneos*]" = "iPhone Developer";
				COPY_PHASE_STRIP = NO;
				DEBUG_INFORMATION_FORMAT = "dwarf-with-dsym";
				ENABLE_NS_ASSERTIONS = NO;
				ENABLE_STRICT_OBJC_MSGSEND = YES;
				GCC_C_LANGUAGE_STANDARD = gnu99;
				GCC_NO_COMMON_BLOCKS = YES;
				GCC_WARN_64_TO_32_BIT_CONVERSION = YES;
				GCC_WARN_ABOUT_RETURN_TYPE = YES_ERROR;
				GCC_WARN_UNDECLARED_SELECTOR = YES;
				GCC_WARN_UNINITIALIZED_AUTOS = YES_AGGRESSIVE;
				GCC_WARN_UNUSED_FUNCTION = YES;
				GCC_WARN_UNUSED_VARIABLE = YES;
				IPHONEOS_DEPLOYMENT_TARGET = 9.3;
				MTL_ENABLE_DEBUG_INFO = NO;
				SDKROOT = iphoneos;
				TARGETED_DEVICE_FAMILY = "1,2";
				VALIDATE_PRODUCT = YES;
			};
			name = Release;
		};
		6B009D291CCA8F6900D22806 /* Debug */ = {
			isa = XCBuildConfiguration;
			buildSettings = {
				ASSETCATALOG_COMPILER_APPICON_NAME = AppIcon;
				CODE_SIGN_IDENTITY = "iPhone Developer";
				INFOPLIST_FILE = EllisNYC/Info.plist;
				IPHONEOS_DEPLOYMENT_TARGET = 9.0;
				LD_RUNPATH_SEARCH_PATHS = "$(inherited) @executable_path/Frameworks";
				PRODUCT_BUNDLE_IDENTIFIER = onebittwo.com.EllisNYC;
				PRODUCT_NAME = "$(TARGET_NAME)";
			};
			name = Debug;
		};
		6B009D2A1CCA8F6900D22806 /* Release */ = {
			isa = XCBuildConfiguration;
			buildSettings = {
				ASSETCATALOG_COMPILER_APPICON_NAME = AppIcon;
				CODE_SIGN_IDENTITY = "iPhone Developer";
				INFOPLIST_FILE = EllisNYC/Info.plist;
				IPHONEOS_DEPLOYMENT_TARGET = 9.0;
				LD_RUNPATH_SEARCH_PATHS = "$(inherited) @executable_path/Frameworks";
				PRODUCT_BUNDLE_IDENTIFIER = onebittwo.com.EllisNYC;
				PRODUCT_NAME = "$(TARGET_NAME)";
			};
			name = Release;
		};
		6B009D2C1CCA8F6900D22806 /* Debug */ = {
			isa = XCBuildConfiguration;
			buildSettings = {
				BUNDLE_LOADER = "$(TEST_HOST)";
				INFOPLIST_FILE = EllisNYCTests/Info.plist;
				LD_RUNPATH_SEARCH_PATHS = "$(inherited) @executable_path/Frameworks @loader_path/Frameworks";
				PRODUCT_BUNDLE_IDENTIFIER = onebittwo.com.EllisNYCTests;
				PRODUCT_NAME = "$(TARGET_NAME)";
				TEST_HOST = "$(BUILT_PRODUCTS_DIR)/EllisNYC.app/EllisNYC";
			};
			name = Debug;
		};
		6B009D2D1CCA8F6900D22806 /* Release */ = {
			isa = XCBuildConfiguration;
			buildSettings = {
				BUNDLE_LOADER = "$(TEST_HOST)";
				INFOPLIST_FILE = EllisNYCTests/Info.plist;
				LD_RUNPATH_SEARCH_PATHS = "$(inherited) @executable_path/Frameworks @loader_path/Frameworks";
				PRODUCT_BUNDLE_IDENTIFIER = onebittwo.com.EllisNYCTests;
				PRODUCT_NAME = "$(TARGET_NAME)";
				TEST_HOST = "$(BUILT_PRODUCTS_DIR)/EllisNYC.app/EllisNYC";
			};
			name = Release;
		};
		6B009D2F1CCA8F6900D22806 /* Debug */ = {
			isa = XCBuildConfiguration;
			buildSettings = {
				INFOPLIST_FILE = EllisNYCUITests/Info.plist;
				LD_RUNPATH_SEARCH_PATHS = "$(inherited) @executable_path/Frameworks @loader_path/Frameworks";
				PRODUCT_BUNDLE_IDENTIFIER = onebittwo.com.EllisNYCUITests;
				PRODUCT_NAME = "$(TARGET_NAME)";
				TEST_TARGET_NAME = EllisNYC;
			};
			name = Debug;
		};
		6B009D301CCA8F6900D22806 /* Release */ = {
			isa = XCBuildConfiguration;
			buildSettings = {
				INFOPLIST_FILE = EllisNYCUITests/Info.plist;
				LD_RUNPATH_SEARCH_PATHS = "$(inherited) @executable_path/Frameworks @loader_path/Frameworks";
				PRODUCT_BUNDLE_IDENTIFIER = onebittwo.com.EllisNYCUITests;
				PRODUCT_NAME = "$(TARGET_NAME)";
				TEST_TARGET_NAME = EllisNYC;
			};
			name = Release;
		};
/* End XCBuildConfiguration section */

/* Begin XCConfigurationList section */
		6B009CF31CCA8F6900D22806 /* Build configuration list for PBXProject "EllisNYC" */ = {
			isa = XCConfigurationList;
			buildConfigurations = (
				6B009D261CCA8F6900D22806 /* Debug */,
				6B009D271CCA8F6900D22806 /* Release */,
			);
			defaultConfigurationIsVisible = 0;
			defaultConfigurationName = Release;
		};
		6B009D281CCA8F6900D22806 /* Build configuration list for PBXNativeTarget "EllisNYC" */ = {
			isa = XCConfigurationList;
			buildConfigurations = (
				6B009D291CCA8F6900D22806 /* Debug */,
				6B009D2A1CCA8F6900D22806 /* Release */,
			);
			defaultConfigurationIsVisible = 0;
			defaultConfigurationName = Release;
		};
		6B009D2B1CCA8F6900D22806 /* Build configuration list for PBXNativeTarget "EllisNYCTests" */ = {
			isa = XCConfigurationList;
			buildConfigurations = (
				6B009D2C1CCA8F6900D22806 /* Debug */,
				6B009D2D1CCA8F6900D22806 /* Release */,
			);
			defaultConfigurationIsVisible = 0;
			defaultConfigurationName = Release;
		};
		6B009D2E1CCA8F6900D22806 /* Build configuration list for PBXNativeTarget "EllisNYCUITests" */ = {
			isa = XCConfigurationList;
			buildConfigurations = (
				6B009D2F1CCA8F6900D22806 /* Debug */,
				6B009D301CCA8F6900D22806 /* Release */,
			);
			defaultConfigurationIsVisible = 0;
			defaultConfigurationName = Release;
		};
/* End XCConfigurationList section */

/* Begin XCVersionGroup section */
		B3DCFC8E1CCA9811006362B4 /* Model.xcdatamodeld */ = {
			isa = XCVersionGroup;
			children = (
				B3DCFC8F1CCA9811006362B4 /* Model.xcdatamodel */,
			);
			currentVersion = B3DCFC8F1CCA9811006362B4 /* Model.xcdatamodel */;
			path = Model.xcdatamodeld;
			sourceTree = "<group>";
			versionGroupType = wrapper.xcdatamodel;
		};
/* End XCVersionGroup section */
	};
	rootObject = 6B009CF01CCA8F6900D22806 /* Project object */;
}
